// !$*UTF8*$!
{
	archiveVersion = 1;
	classes = {
	};
	objectVersion = 50;
	objects = {

/* Begin PBXBuildFile section */
		015F35F9249FB6FE007B2644 /* alternativeView.swift in Sources */ = {isa = PBXBuildFile; fileRef = 015F35F8249FB6FE007B2644 /* alternativeView.swift */; };
		01BBFD63249E1CA600135698 /* AppDelegate.swift in Sources */ = {isa = PBXBuildFile; fileRef = 01BBFD62249E1CA600135698 /* AppDelegate.swift */; };
		01BBFD65249E1CA600135698 /* SceneDelegate.swift in Sources */ = {isa = PBXBuildFile; fileRef = 01BBFD64249E1CA600135698 /* SceneDelegate.swift */; };
		01BBFD67249E1CA600135698 /* ContentView.swift in Sources */ = {isa = PBXBuildFile; fileRef = 01BBFD66249E1CA600135698 /* ContentView.swift */; };
		01BBFD69249E1CAA00135698 /* Assets.xcassets in Resources */ = {isa = PBXBuildFile; fileRef = 01BBFD68249E1CAA00135698 /* Assets.xcassets */; };
		01BBFD6C249E1CAA00135698 /* Preview Assets.xcassets in Resources */ = {isa = PBXBuildFile; fileRef = 01BBFD6B249E1CAA00135698 /* Preview Assets.xcassets */; };
		01BBFD6F249E1CAA00135698 /* LaunchScreen.storyboard in Resources */ = {isa = PBXBuildFile; fileRef = 01BBFD6D249E1CAA00135698 /* LaunchScreen.storyboard */; };
/* End PBXBuildFile section */

/* Begin PBXFileReference section */
		015F35F8249FB6FE007B2644 /* alternativeView.swift */ = {isa = PBXFileReference; lastKnownFileType = sourcecode.swift; path = alternativeView.swift; sourceTree = "<group>"; };
		01BBFD5F249E1CA600135698 /* Maen Suwit.app */ = {isa = PBXFileReference; explicitFileType = wrapper.application; includeInIndex = 0; path = "Maen Suwit.app"; sourceTree = BUILT_PRODUCTS_DIR; };
		01BBFD62249E1CA600135698 /* AppDelegate.swift */ = {isa = PBXFileReference; lastKnownFileType = sourcecode.swift; path = AppDelegate.swift; sourceTree = "<group>"; };
		01BBFD64249E1CA600135698 /* SceneDelegate.swift */ = {isa = PBXFileReference; lastKnownFileType = sourcecode.swift; path = SceneDelegate.swift; sourceTree = "<group>"; };
		01BBFD66249E1CA600135698 /* ContentView.swift */ = {isa = PBXFileReference; lastKnownFileType = sourcecode.swift; path = ContentView.swift; sourceTree = "<group>"; };
		01BBFD68249E1CAA00135698 /* Assets.xcassets */ = {isa = PBXFileReference; lastKnownFileType = folder.assetcatalog; path = Assets.xcassets; sourceTree = "<group>"; };
		01BBFD6B249E1CAA00135698 /* Preview Assets.xcassets */ = {isa = PBXFileReference; lastKnownFileType = folder.assetcatalog; path = "Preview Assets.xcassets"; sourceTree = "<group>"; };
		01BBFD6E249E1CAA00135698 /* Base */ = {isa = PBXFileReference; lastKnownFileType = file.storyboard; name = Base; path = Base.lproj/LaunchScreen.storyboard; sourceTree = "<group>"; };
		01BBFD70249E1CAA00135698 /* Info.plist */ = {isa = PBXFileReference; lastKnownFileType = text.plist.xml; path = Info.plist; sourceTree = "<group>"; };
/* End PBXFileReference section */

/* Begin PBXFrameworksBuildPhase section */
		01BBFD5C249E1CA600135698 /* Frameworks */ = {
			isa = PBXFrameworksBuildPhase;
			buildActionMask = 2147483647;
			files = (
			);
			runOnlyForDeploymentPostprocessing = 0;
		};
/* End PBXFrameworksBuildPhase section */

/* Begin PBXGroup section */
		01BBFD56249E1CA600135698 = {
			isa = PBXGroup;
			children = (
				01BBFD61249E1CA600135698 /* Maen Suwit */,
				01BBFD60249E1CA600135698 /* Products */,
			);
			sourceTree = "<group>";
		};
		01BBFD60249E1CA600135698 /* Products */ = {
			isa = PBXGroup;
			children = (
				01BBFD5F249E1CA600135698 /* Maen Suwit.app */,
			);
			name = Products;
			sourceTree = "<group>";
		};
		01BBFD61249E1CA600135698 /* Maen Suwit */ = {
			isa = PBXGroup;
			children = (
				01BBFD62249E1CA600135698 /* AppDelegate.swift */,
				01BBFD64249E1CA600135698 /* SceneDelegate.swift */,
				01BBFD66249E1CA600135698 /* ContentView.swift */,
				01BBFD68249E1CAA00135698 /* Assets.xcassets */,
				01BBFD6D249E1CAA00135698 /* LaunchScreen.storyboard */,
				01BBFD70249E1CAA00135698 /* Info.plist */,
				01BBFD6A249E1CAA00135698 /* Preview Content */,
				015F35F8249FB6FE007B2644 /* alternativeView.swift */,
			);
			path = "Maen Suwit";
			sourceTree = "<group>";
		};
		01BBFD6A249E1CAA00135698 /* Preview Content */ = {
			isa = PBXGroup;
			children = (
				01BBFD6B249E1CAA00135698 /* Preview Assets.xcassets */,
			);
			path = "Preview Content";
			sourceTree = "<group>";
		};
/* End PBXGroup section */

/* Begin PBXNativeTarget section */
		01BBFD5E249E1CA600135698 /* Maen Suwit */ = {
			isa = PBXNativeTarget;
			buildConfigurationList = 01BBFD73249E1CAA00135698 /* Build configuration list for PBXNativeTarget "Maen Suwit" */;
			buildPhases = (
				01BBFD5B249E1CA600135698 /* Sources */,
				01BBFD5C249E1CA600135698 /* Frameworks */,
				01BBFD5D249E1CA600135698 /* Resources */,
			);
			buildRules = (
			);
			dependencies = (
			);
			name = "Maen Suwit";
			productName = "Maen Suwit";
			productReference = 01BBFD5F249E1CA600135698 /* Maen Suwit.app */;
			productType = "com.apple.product-type.application";
		};
/* End PBXNativeTarget section */

/* Begin PBXProject section */
		01BBFD57249E1CA600135698 /* Project object */ = {
			isa = PBXProject;
			attributes = {
				LastSwiftUpdateCheck = 1140;
				LastUpgradeCheck = 1140;
				ORGANIZATIONNAME = nooglersoon;
				TargetAttributes = {
					01BBFD5E249E1CA600135698 = {
						CreatedOnToolsVersion = 11.4;
					};
				};
			};
			buildConfigurationList = 01BBFD5A249E1CA600135698 /* Build configuration list for PBXProject "Maen Suwit" */;
			compatibilityVersion = "Xcode 9.3";
			developmentRegion = en;
			hasScannedForEncodings = 0;
			knownRegions = (
				en,
				Base,
			);
			mainGroup = 01BBFD56249E1CA600135698;
			productRefGroup = 01BBFD60249E1CA600135698 /* Products */;
			projectDirPath = "";
			projectRoot = "";
			targets = (
				01BBFD5E249E1CA600135698 /* Maen Suwit */,
			);
		};
/* End PBXProject section */

/* Begin PBXResourcesBuildPhase section */
		01BBFD5D249E1CA600135698 /* Resources */ = {
			isa = PBXResourcesBuildPhase;
			buildActionMask = 2147483647;
			files = (
				01BBFD6F249E1CAA00135698 /* LaunchScreen.storyboard in Resources */,
				01BBFD6C249E1CAA00135698 /* Preview Assets.xcassets in Resources */,
				01BBFD69249E1CAA00135698 /* Assets.xcassets in Resources */,
			);
			runOnlyForDeploymentPostprocessing = 0;
		};
/* End PBXResourcesBuildPhase section */

/* Begin PBXSourcesBuildPhase section */
		01BBFD5B249E1CA600135698 /* Sources */ = {
			isa = PBXSourcesBuildPhase;
			buildActionMask = 2147483647;
			files = (
				01BBFD63249E1CA600135698 /* AppDelegate.swift in Sources */,
				01BBFD65249E1CA600135698 /* SceneDelegate.swift in Sources */,
				015F35F9249FB6FE007B2644 /* alternativeView.swift in Sources */,
				01BBFD67249E1CA600135698 /* ContentView.swift in Sources */,
			);
			runOnlyForDeploymentPostprocessing = 0;
		};
/* End PBXSourcesBuildPhase section */

/* Begin PBXVariantGroup section */
		01BBFD6D249E1CAA00135698 /* LaunchScreen.storyboard */ = {
			isa = PBXVariantGroup;
			children = (
				01BBFD6E249E1CAA00135698 /* Base */,
			);
			name = LaunchScreen.storyboard;
			sourceTree = "<group>";
		};
/* End PBXVariantGroup section */

/* Begin XCBuildConfiguration section */
		01BBFD71249E1CAA00135698 /* Debug */ = {
			isa = XCBuildConfiguration;
			buildSettings = {
				ALWAYS_SEARCH_USER_PATHS = NO;
				CLANG_ANALYZER_NONNULL = YES;
				CLANG_ANALYZER_NUMBER_OBJECT_CONVERSION = YES_AGGRESSIVE;
				CLANG_CXX_LANGUAGE_STANDARD = "gnu++14";
				CLANG_CXX_LIBRARY = "libc++";
				CLANG_ENABLE_MODULES = YES;
				CLANG_ENABLE_OBJC_ARC = YES;
				CLANG_ENABLE_OBJC_WEAK = YES;
				CLANG_WARN_BLOCK_CAPTURE_AUTORELEASING = YES;
				CLANG_WARN_BOOL_CONVERSION = YES;
				CLANG_WARN_COMMA = YES;
				CLANG_WARN_CONSTANT_CONVERSION = YES;
				CLANG_WARN_DEPRECATED_OBJC_IMPLEMENTATIONS = YES;
				CLANG_WARN_DIRECT_OBJC_ISA_USAGE = YES_ERROR;
				CLANG_WARN_DOCUMENTATION_COMMENTS = YES;
				CLANG_WARN_EMPTY_BODY = YES;
				CLANG_WARN_ENUM_CONVERSION = YES;
				CLANG_WARN_INFINITE_RECURSION = YES;
				CLANG_WARN_INT_CONVERSION = YES;
				CLANG_WARN_NON_LITERAL_NULL_CONVERSION = YES;
				CLANG_WARN_OBJC_IMPLICIT_RETAIN_SELF = YES;
				CLANG_WARN_OBJC_LITERAL_CONVERSION = YES;
				CLANG_WARN_OBJC_ROOT_CLASS = YES_ERROR;
				CLANG_WARN_RANGE_LOOP_ANALYSIS = YES;
				CLANG_WARN_STRICT_PROTOTYPES = YES;
				CLANG_WARN_SUSPICIOUS_MOVE = YES;
				CLANG_WARN_UNGUARDED_AVAILABILITY = YES_AGGRESSIVE;
				CLANG_WARN_UNREACHABLE_CODE = YES;
				CLANG_WARN__DUPLICATE_METHOD_MATCH = YES;
				COPY_PHASE_STRIP = NO;
				DEBUG_INFORMATION_FORMAT = dwarf;
				ENABLE_STRICT_OBJC_MSGSEND = YES;
				ENABLE_TESTABILITY = YES;
				GCC_C_LANGUAGE_STANDARD = gnu11;
				GCC_DYNAMIC_NO_PIC = NO;
				GCC_NO_COMMON_BLOCKS = YES;
				GCC_OPTIMIZATION_LEVEL = 0;
				GCC_PREPROCESSOR_DEFINITIONS = (
					"DEBUG=1",
					"$(inherited)",
				);
				GCC_WARN_64_TO_32_BIT_CONVERSION = YES;
				GCC_WARN_ABOUT_RETURN_TYPE = YES_ERROR;
				GCC_WARN_UNDECLARED_SELECTOR = YES;
				GCC_WARN_UNINITIALIZED_AUTOS = YES_AGGRESSIVE;
				GCC_WARN_UNUSED_FUNCTION = YES;
				GCC_WARN_UNUSED_VARIABLE = YES;
				IPHONEOS_DEPLOYMENT_TARGET = 13.4;
				MTL_ENABLE_DEBUG_INFO = INCLUDE_SOURCE;
				MTL_FAST_MATH = YES;
				ONLY_ACTIVE_ARCH = YES;
				SDKROOT = iphoneos;
				SWIFT_ACTIVE_COMPILATION_CONDITIONS = DEBUG;
				SWIFT_OPTIMIZATION_LEVEL = "-Onone";
			};
			name = Debug;
		};
		01BBFD72249E1CAA00135698 /* Release */ = {
			isa = XCBuildConfiguration;
			buildSettings = {
				ALWAYS_SEARCH_USER_PATHS = NO;
				CLANG_ANALYZER_NONNULL = YES;
				CLANG_ANALYZER_NUMBER_OBJECT_CONVERSION = YES_AGGRESSIVE;
				CLANG_CXX_LANGUAGE_STANDARD = "gnu++14";
				CLANG_CXX_LIBRARY = "libc++";
				CLANG_ENABLE_MODULES = YES;
				CLANG_ENABLE_OBJC_ARC = YES;
				CLANG_ENABLE_OBJC_WEAK = YES;
				CLANG_WARN_BLOCK_CAPTURE_AUTORELEASING = YES;
				CLANG_WARN_BOOL_CONVERSION = YES;
				CLANG_WARN_COMMA = YES;
				CLANG_WARN_CONSTANT_CONVERSION = YES;
				CLANG_WARN_DEPRECATED_OBJC_IMPLEMENTATIONS = YES;
				CLANG_WARN_DIRECT_OBJC_ISA_USAGE = YES_ERROR;
				CLANG_WARN_DOCUMENTATION_COMMENTS = YES;
				CLANG_WARN_EMPTY_BODY = YES;
				CLANG_WARN_ENUM_CONVERSION = YES;
				CLANG_WARN_INFINITE_RECURSION = YES;
				CLANG_WARN_INT_CONVERSION = YES;
				CLANG_WARN_NON_LITERAL_NULL_CONVERSION = YES;
				CLANG_WARN_OBJC_IMPLICIT_RETAIN_SELF = YES;
				CLANG_WARN_OBJC_LITERAL_CONVERSION = YES;
				CLANG_WARN_OBJC_ROOT_CLASS = YES_ERROR;
				CLANG_WARN_RANGE_LOOP_ANALYSIS = YES;
				CLANG_WARN_STRICT_PROTOTYPES = YES;
				CLANG_WARN_SUSPICIOUS_MOVE = YES;
				CLANG_WARN_UNGUARDED_AVAILABILITY = YES_AGGRESSIVE;
				CLANG_WARN_UNREACHABLE_CODE = YES;
				CLANG_WARN__DUPLICATE_METHOD_MATCH = YES;
				COPY_PHASE_STRIP = NO;
				DEBUG_INFORMATION_FORMAT = "dwarf-with-dsym";
				ENABLE_NS_ASSERTIONS = NO;
				ENABLE_STRICT_OBJC_MSGSEND = YES;
				GCC_C_LANGUAGE_STANDARD = gnu11;
				GCC_NO_COMMON_BLOCKS = YES;
				GCC_WARN_64_TO_32_BIT_CONVERSION = YES;
				GCC_WARN_ABOUT_RETURN_TYPE = YES_ERROR;
				GCC_WARN_UNDECLARED_SELECTOR = YES;
				GCC_WARN_UNINITIALIZED_AUTOS = YES_AGGRESSIVE;
				GCC_WARN_UNUSED_FUNCTION = YES;
				GCC_WARN_UNUSED_VARIABLE = YES;
				IPHONEOS_DEPLOYMENT_TARGET = 13.4;
				MTL_ENABLE_DEBUG_INFO = NO;
				MTL_FAST_MATH = YES;
				SDKROOT = iphoneos;
				SWIFT_COMPILATION_MODE = wholemodule;
				SWIFT_OPTIMIZATION_LEVEL = "-O";
				VALIDATE_PRODUCT = YES;
			};
			name = Release;
		};
		01BBFD74249E1CAA00135698 /* Debug */ = {
			isa = XCBuildConfiguration;
			buildSettings = {
				ASSETCATALOG_COMPILER_APPICON_NAME = AppIcon;
				CODE_SIGN_STYLE = Automatic;
				DEVELOPMENT_ASSET_PATHS = "\"Maen Suwit/Preview Content\"";
				DEVELOPMENT_TEAM = CVSRYHR3VR;
				ENABLE_PREVIEWS = YES;
				INFOPLIST_FILE = "Maen Suwit/Info.plist";
				IPHONEOS_DEPLOYMENT_TARGET = 13.4;
				LD_RUNPATH_SEARCH_PATHS = (
					"$(inherited)",
					"@executable_path/Frameworks",
				);
				PRODUCT_BUNDLE_IDENTIFIER = "com.nooglersoon.Maen-Suwit";
				PRODUCT_NAME = "$(TARGET_NAME)";
				SWIFT_VERSION = 5.0;
				TARGETED_DEVICE_FAMILY = "1,2";
			};
			name = Debug;
		};
		01BBFD75249E1CAA00135698 /* Release */ = {
			isa = XCBuildConfiguration;
			buildSettings = {
				ASSETCATALOG_COMPILER_APPICON_NAME = AppIcon;
				CODE_SIGN_STYLE = Automatic;
				DEVELOPMENT_ASSET_PATHS = "\"Maen Suwit/Preview Content\"";
				DEVELOPMENT_TEAM = CVSRYHR3VR;
				ENABLE_PREVIEWS = YES;
				INFOPLIST_FILE = "Maen Suwit/Info.plist";
				IPHONEOS_DEPLOYMENT_TARGET = 13.4;
				LD_RUNPATH_SEARCH_PATHS = (
					"$(inherited)",
					"@executable_path/Frameworks",
				);
				PRODUCT_BUNDLE_IDENTIFIER = "com.nooglersoon.Maen-Suwit";
				PRODUCT_NAME = "$(TARGET_NAME)";
				SWIFT_VERSION = 5.0;
				TARGETED_DEVICE_FAMILY = "1,2";
			};
			name = Release;
		};
/* End XCBuildConfiguration section */

/* Begin XCConfigurationList section */
		01BBFD5A249E1CA600135698 /* Build configuration list for PBXProject "Maen Suwit" */ = {
			isa = XCConfigurationList;
			buildConfigurations = (
				01BBFD71249E1CAA00135698 /* Debug */,
				01BBFD72249E1CAA00135698 /* Release */,
			);
			defaultConfigurationIsVisible = 0;
			defaultConfigurationName = Release;
		};
		01BBFD73249E1CAA00135698 /* Build configuration list for PBXNativeTarget "Maen Suwit" */ = {
			isa = XCConfigurationList;
			buildConfigurations = (
				01BBFD74249E1CAA00135698 /* Debug */,
				01BBFD75249E1CAA00135698 /* Release */,
			);
			defaultConfigurationIsVisible = 0;
			defaultConfigurationName = Release;
		};
/* End XCConfigurationList section */
	};
	rootObject = 01BBFD57249E1CA600135698 /* Project object */;
}
